
Microsoft Visual Studio Solution File, Format Version 12.00
# Visual Studio 15
VisualStudioVersion = 15.0.28307.106
MinimumVisualStudioVersion = 10.0.40219.1
Project("{9A19103F-16F7-4668-BE54-9A1E7A4F7556}") = "TwilioFunctions", "TwilioFunction\TwilioFunctions.csproj", "{A8B67B81-AB71-426D-B359-540FD6094146}"
EndProject
Global
	GlobalSection(SolutionConfigurationPlatforms) = preSolution
		Debug|Any CPU = Debug|Any CPU
		Release|Any CPU = Release|Any CPU
	EndGlobalSection
	GlobalSection(ProjectConfigurationPlatforms) = postSolution
		{A8B67B81-AB71-426D-B359-540FD6094146}.Debug|Any CPU.ActiveCfg = Debug|Any CPU
		{A8B67B81-AB71-426D-B359-540FD6094146}.Debug|Any CPU.Build.0 = Debug|Any CPU
		{A8B67B81-AB71-426D-B359-540FD6094146}.Release|Any CPU.ActiveCfg = Release|Any CPU
		{A8B67B81-AB71-426D-B359-540FD6094146}.Release|Any CPU.Build.0 = Release|Any CPU
	EndGlobalSection
	GlobalSection(SolutionProperties) = preSolution
		HideSolutionNode = FALSE
	EndGlobalSection
	GlobalSection(ExtensibilityGlobals) = postSolution
		SolutionGuid = {03348A0F-2A72-46D4-8FA2-1861ED0A23D7}
	EndGlobalSection
EndGlobal
